{
  "requires": true,
  "lockfileVersion": 1,
  "dependencies": {
    "date-fns": {
      "version": "2.9.0",
      "resolved": "https://registry.npmjs.org/date-fns/-/date-fns-2.9.0.tgz",
      "integrity": "sha512-khbFLu/MlzLjEzy9Gh8oY1hNt/Dvxw3J6Rbc28cVoYWQaC1S3YI4xwkF9ZWcjDLscbZlY9hISMr66RFzZagLsA=="
    },
    "diacriticless": {
      "version": "1.0.1",
      "resolved": "https://registry.npmjs.org/diacriticless/-/diacriticless-1.0.1.tgz",
      "integrity": "sha1-592peMKRlgm7SK7h78XeajN71MM="
    },
    "lodash.assign": {
      "version": "4.2.0",
      "resolved": "https://registry.npmjs.org/lodash.assign/-/lodash.assign-4.2.0.tgz",
      "integrity": "sha1-DZnzzNem0mHRm9rrkkUAXShYCOc="
    },
    "lodash.clonedeep": {
      "version": "4.5.0",
      "resolved": "https://registry.npmjs.org/lodash.clonedeep/-/lodash.clonedeep-4.5.0.tgz",
      "integrity": "sha1-4j8/nE+Pvd6HJSnBBxhXoIblzO8="
    },
    "lodash.filter": {
      "version": "4.6.0",
      "resolved": "https://registry.npmjs.org/lodash.filter/-/lodash.filter-4.6.0.tgz",
      "integrity": "sha1-ZosdSYFgOuHMWm+nYBQ+SAtMSs4="
    },
    "lodash.foreach": {
      "version": "4.5.0",
      "resolved": "https://registry.npmjs.org/lodash.foreach/-/lodash.foreach-4.5.0.tgz",
      "integrity": "sha1-Gmo16s5AEoDH8G3d7DUWWrJ+PlM="
    },
    "lodash.isequal": {
      "version": "4.5.0",
      "resolved": "https://registry.npmjs.org/lodash.isequal/-/lodash.isequal-4.5.0.tgz",
      "integrity": "sha1-QVxEePK8wwEgwizhDtMib30+GOA="
    },
    "vue": {
      "version": "2.6.11",
      "resolved": "https://registry.npmjs.org/vue/-/vue-2.6.11.tgz",
      "integrity": "sha512-VfPwgcGABbGAue9+sfrD4PuwFar7gPb1yl1UK1MwXoQPAw0BKSqWfoYCT/ThFrdEVWoI51dBuyCoiNU9bZDZxQ=="
    },
    "vue-good-table": {
      "version": "2.18.1",
      "resolved": "https://registry.npmjs.org/vue-good-table/-/vue-good-table-2.18.1.tgz",
      "integrity": "sha512-W9D5M87GgzgQowtWVARqxSwSvHx0MKnKV5d9Zlz5Fx3XfuJWm4lufZUpWlTwKTbLWoG4cLjHd6N0m55S9Ild3Q==",
      "requires": {
        "date-fns": "^2.0.0-beta.4",
        "diacriticless": "1.0.1",
        "lodash.assign": "^4.2.0",
        "lodash.clonedeep": "^4.5.0",
        "lodash.filter": "^4.6.0",
        "lodash.foreach": "^4.5.0",
        "lodash.isequal": "^4.5.0"
      }
    }
  }
}
